
Microsoft Visual Studio Solution File, Format Version 12.00
# Visual Studio Version 17
VisualStudioVersion = 17.7.34031.279
MinimumVisualStudioVersion = 10.0.40219.1
Project("{FAE04EC0-301F-11D3-BF4B-00C04F79EFBC}") = "DemoProject", "DemoProject.csproj", "{65D5CE56-8640-4D21-9245-495D38981541}"
EndProject
Global
	GlobalSection(SolutionConfigurationPlatforms) = preSolution
		Debug|Any CPU = Debug|Any CPU
		Release|Any CPU = Release|Any CPU
	EndGlobalSection
	GlobalSection(ProjectConfigurationPlatforms) = postSolution
		{65D5CE56-8640-4D21-9245-495D38981541}.Debug|Any CPU.ActiveCfg = Debug|Any CPU
		{65D5CE56-8640-4D21-9245-495D38981541}.Debug|Any CPU.Build.0 = Debug|Any CPU
		{65D5CE56-8640-4D21-9245-495D38981541}.Release|Any CPU.ActiveCfg = Release|Any CPU
		{65D5CE56-8640-4D21-9245-495D38981541}.Release|Any CPU.Build.0 = Release|Any CPU
	EndGlobalSection
	GlobalSection(SolutionProperties) = preSolution
		HideSolutionNode = FALSE
	EndGlobalSection
	GlobalSection(ExtensibilityGlobals) = postSolution
		SolutionGuid = {57EABCC9-67B6-47F9-9D05-2587581A90F6}
	EndGlobalSection
EndGlobal
